# THIS IS AN AUTOGENERATED FILE. DO NOT EDIT THIS FILE DIRECTLY.
# yarn lockfile v1


"@alloc/quick-lru@^5.2.0":
  version "5.2.0"

"@babel/runtime@^7.20.13":
  version "7.28.4"

"@iconify/icons-ion@^1.2.10":
  version "1.2.10"
  dependencies:
    "@iconify/types" "*"

"@iconify/react@^5.0.1":
  version "5.2.1"
  dependencies:
    "@iconify/types" "^2.0.0"

"@iconify/types@*", "@iconify/types@^2.0.0":
  version "2.0.0"

"@img/colour@^1.0.0":
  version "1.0.0"

"@img/sharp-win32-x64@0.34.5":
  version "0.34.5"

"@jridgewell/gen-mapping@^0.3.5":
  version "0.3.13"
  dependencies:
    "@jridgewell/sourcemap-codec" "^1.5.0"
    "@jridgewell/trace-mapping" "^0.3.24"

"@jridgewell/remapping@^2.3.4":
  version "2.3.5"
  dependencies:
    "@jridgewell/gen-mapping" "^0.3.5"
    "@jridgewell/trace-mapping" "^0.3.24"

"@jridgewell/resolve-uri@^3.1.0":
  version "3.1.2"

"@jridgewell/sourcemap-codec@^1.4.14", "@jridgewell/sourcemap-codec@^1.5.0", "@jridgewell/sourcemap-codec@^1.5.5":
  version "1.5.5"

"@jridgewell/trace-mapping@^0.3.24":
  version "0.3.31"
  dependencies:
    "@jridgewell/resolve-uri" "^3.1.0"
    "@jridgewell/sourcemap-codec" "^1.4.14"

"@next/env@15.5.9":
  version "15.5.9"

"@next/swc-win32-x64-msvc@15.5.7":
  version "15.5.7"

"@panva/hkdf@^1.0.2":
  version "1.2.1"

"@swc/helpers@0.5.15":
  version "0.5.15"
  dependencies:
    tslib "^2.8.0"

"@tailwindcss/node@4.1.18":
  version "4.1.18"
  dependencies:
    "@jridgewell/remapping" "^2.3.4"
    enhanced-resolve "^5.18.3"
    jiti "^2.6.1"
    lightningcss "1.30.2"
    magic-string "^0.30.21"
    source-map-js "^1.2.1"
    tailwindcss "4.1.18"

"@tailwindcss/oxide-win32-x64-msvc@4.1.18":
  version "4.1.18"

"@tailwindcss/oxide@4.1.18":
  version "4.1.18"
  optionalDependencies:
    "@tailwindcss/oxide-android-arm64" "4.1.18"
    "@tailwindcss/oxide-darwin-arm64" "4.1.18"
    "@tailwindcss/oxide-darwin-x64" "4.1.18"
    "@tailwindcss/oxide-freebsd-x64" "4.1.18"
    "@tailwindcss/oxide-linux-arm-gnueabihf" "4.1.18"
    "@tailwindcss/oxide-linux-arm64-gnu" "4.1.18"
    "@tailwindcss/oxide-linux-arm64-musl" "4.1.18"
    "@tailwindcss/oxide-linux-x64-gnu" "4.1.18"
    "@tailwindcss/oxide-linux-x64-musl" "4.1.18"
    "@tailwindcss/oxide-wasm32-wasi" "4.1.18"
    "@tailwindcss/oxide-win32-arm64-msvc" "4.1.18"
    "@tailwindcss/oxide-win32-x64-msvc" "4.1.18"

"@tailwindcss/postcss@^4.0.0":
  version "4.1.18"
  dependencies:
    "@alloc/quick-lru" "^5.2.0"
    "@tailwindcss/node" "4.1.18"
    "@tailwindcss/oxide" "4.1.18"
    postcss "^8.4.41"
    tailwindcss "4.1.18"

"@types/aos@^3.0.7":
  version "3.0.7"

"@types/debug@^4.0.0":
  version "4.1.12"
  dependencies:
    "@types/ms" "*"

"@types/hast@^3.0.0":
  version "3.0.4"
  dependencies:
    "@types/unist" "*"

"@types/mdast@^4.0.0":
  version "4.0.4"
  dependencies:
    "@types/unist" "*"

"@types/ms@*":
  version "2.1.0"

"@types/node@*", "@types/node@^20":
  version "20.19.27"
  dependencies:
    undici-types "~6.21.0"

"@types/nodemailer@^8.0.0":
  version "8.0.0"
  resolved "https://registry.npmjs.org/@types/nodemailer/-/nodemailer-8.0.0.tgz"
  integrity sha512-fyf8jWULsCo0d0BuoQ75i6IeoHs47qcqxWc7yUdUcV0pOZGjUTTOvwdG1PRXUDqN/8A64yQdQdnA2pZgcdi+cA==
  dependencies:
    "@types/node" "*"

"@types/prop-types@*":
  version "15.7.15"

"@types/react-dom@^18":
  version "18.3.7"

"@types/react-slick@^0.23.13":
  version "0.23.13"
  dependencies:
    "@types/react" "*"

"@types/react@*":
  version "19.2.7"
  dependencies:
    csstype "^3.2.2"

"@types/react@^18":
  version "18.3.27"
  dependencies:
    "@types/prop-types" "*"
    csstype "^3.2.2"

"@types/unist@*", "@types/unist@^3.0.0":
  version "3.0.3"

"@ungap/structured-clone@^1.0.0":
  version "1.3.0"

aos@^2.3.4:
  version "2.3.4"
  dependencies:
    classlist-polyfill "^1.0.3"
    lodash.debounce "^4.0.6"
    lodash.throttle "^4.0.1"

argparse@^1.0.7:
  version "1.0.10"
  dependencies:
    sprintf-js "~1.0.2"

asynckit@^0.4.0:
  version "0.4.0"

axios@^1.7.2:
  version "1.13.2"
  dependencies:
    follow-redirects "^1.15.6"
    form-data "^4.0.4"
    proxy-from-env "^1.1.0"

bail@^2.0.0:
  version "2.0.2"

call-bind-apply-helpers@^1.0.1, call-bind-apply-helpers@^1.0.2:
  version "1.0.2"
  dependencies:
    es-errors "^1.3.0"
    function-bind "^1.1.2"

caniuse-lite@^1.0.30001579:
  version "1.0.30001761"

ccount@^2.0.0:
  version "2.0.1"

character-entities-html4@^2.0.0:
  version "2.1.0"

character-entities-legacy@^3.0.0:
  version "3.0.0"

character-entities@^2.0.0:
  version "2.0.2"

classlist-polyfill@^1.0.3:
  version "1.2.0"

classnames@^2.2.5:
  version "2.5.1"

client-only@0.0.1:
  version "0.0.1"

combined-stream@^1.0.8:
  version "1.0.8"
  dependencies:
    delayed-stream "~1.0.0"

comma-separated-tokens@^2.0.0:
  version "2.0.3"

cookie@^0.7.0:
  version "0.7.2"

csstype@^3.1.3, csstype@^3.2.2:
  version "3.2.3"

date-fns@^3.4.0:
  version "3.6.0"

debug@^4.0.0:
  version "4.4.3"
  dependencies:
    ms "^2.1.3"

decode-named-character-reference@^1.0.0:
  version "1.2.0"
  dependencies:
    character-entities "^2.0.0"

delayed-stream@~1.0.0:
  version "1.0.0"

dequal@^2.0.0:
  version "2.0.3"

detect-libc@^2.0.3, detect-libc@^2.1.2:
  version "2.1.2"

devlop@^1.0.0:
  version "1.1.0"
  dependencies:
    dequal "^2.0.0"

dunder-proto@^1.0.1:
  version "1.0.1"
  dependencies:
    call-bind-apply-helpers "^1.0.1"
    es-errors "^1.3.0"
    gopd "^1.2.0"

enhanced-resolve@^5.18.3:
  version "5.18.4"
  dependencies:
    graceful-fs "^4.2.4"
    tapable "^2.2.0"

es-define-property@^1.0.1:
  version "1.0.1"

es-errors@^1.3.0:
  version "1.3.0"

es-object-atoms@^1.0.0, es-object-atoms@^1.1.1:
  version "1.1.1"
  dependencies:
    es-errors "^1.3.0"

es-set-tostringtag@^2.1.0:
  version "2.1.0"
  dependencies:
    es-errors "^1.3.0"
    get-intrinsic "^1.2.6"
    has-tostringtag "^1.0.2"
    hasown "^2.0.2"

esprima@^4.0.0:
  version "4.0.1"

extend-shallow@^2.0.1:
  version "2.0.1"
  dependencies:
    is-extendable "^0.1.0"

extend@^3.0.0:
  version "3.0.2"

follow-redirects@^1.15.6:
  version "1.15.11"

form-data@^4.0.4:
  version "4.0.5"
  dependencies:
    asynckit "^0.4.0"
    combined-stream "^1.0.8"
    es-set-tostringtag "^2.1.0"
    hasown "^2.0.2"
    mime-types "^2.1.12"

function-bind@^1.1.2:
  version "1.1.2"

get-intrinsic@^1.2.6:
  version "1.3.0"
  dependencies:
    call-bind-apply-helpers "^1.0.2"
    es-define-property "^1.0.1"
    es-errors "^1.3.0"
    es-object-atoms "^1.1.1"
    function-bind "^1.1.2"
    get-proto "^1.0.1"
    gopd "^1.2.0"
    has-symbols "^1.1.0"
    hasown "^2.0.2"
    math-intrinsics "^1.1.0"

get-proto@^1.0.1:
  version "1.0.1"
  dependencies:
    dunder-proto "^1.0.1"
    es-object-atoms "^1.0.0"

goober@^2.1.16:
  version "2.1.18"

gopd@^1.2.0:
  version "1.2.0"

graceful-fs@^4.2.4:
  version "4.2.11"

gray-matter@^4.0.3:
  version "4.0.3"
  dependencies:
    js-yaml "^3.13.1"
    kind-of "^6.0.2"
    section-matter "^1.0.0"
    strip-bom-string "^1.0.0"

has-symbols@^1.0.3, has-symbols@^1.1.0:
  version "1.1.0"

has-tostringtag@^1.0.2:
  version "1.0.2"
  dependencies:
    has-symbols "^1.0.3"

hasown@^2.0.2:
  version "2.0.2"
  dependencies:
    function-bind "^1.1.2"

hast-util-sanitize@^5.0.0:
  version "5.0.2"
  dependencies:
    "@types/hast" "^3.0.0"
    "@ungap/structured-clone" "^1.0.0"
    unist-util-position "^5.0.0"

hast-util-to-html@^9.0.0:
  version "9.0.5"
  dependencies:
    "@types/hast" "^3.0.0"
    "@types/unist" "^3.0.0"
    ccount "^2.0.0"
    comma-separated-tokens "^2.0.0"
    hast-util-whitespace "^3.0.0"
    html-void-elements "^3.0.0"
    mdast-util-to-hast "^13.0.0"
    property-information "^7.0.0"
    space-separated-tokens "^2.0.0"
    stringify-entities "^4.0.0"
    zwitch "^2.0.4"

hast-util-whitespace@^3.0.0:
  version "3.0.0"
  dependencies:
    "@types/hast" "^3.0.0"

html-void-elements@^3.0.0:
  version "3.0.0"

is-extendable@^0.1.0:
  version "0.1.1"

is-plain-obj@^4.0.0:
  version "4.1.0"

jiti@^2.6.1:
  version "2.6.1"

jose@^4.15.5, jose@^4.15.9:
  version "4.15.9"

"js-tokens@^3.0.0 || ^4.0.0":
  version "4.0.0"

js-yaml@^3.13.1:
  version "3.14.2"
  dependencies:
    argparse "^1.0.7"
    esprima "^4.0.0"

json2mq@^0.2.0:
  version "0.2.0"
  dependencies:
    string-convert "^0.2.0"

kind-of@^6.0.0, kind-of@^6.0.2:
  version "6.0.3"

lightningcss-win32-x64-msvc@1.30.2:
  version "1.30.2"

lightningcss@1.30.2:
  version "1.30.2"
  dependencies:
    detect-libc "^2.0.3"
  optionalDependencies:
    lightningcss-android-arm64 "1.30.2"
    lightningcss-darwin-arm64 "1.30.2"
    lightningcss-darwin-x64 "1.30.2"
    lightningcss-freebsd-x64 "1.30.2"
    lightningcss-linux-arm-gnueabihf "1.30.2"
    lightningcss-linux-arm64-gnu "1.30.2"
    lightningcss-linux-arm64-musl "1.30.2"
    lightningcss-linux-x64-gnu "1.30.2"
    lightningcss-linux-x64-musl "1.30.2"
    lightningcss-win32-arm64-msvc "1.30.2"
    lightningcss-win32-x64-msvc "1.30.2"

lodash.debounce@^4.0.6, lodash.debounce@^4.0.8:
  version "4.0.8"

lodash.throttle@^4.0.1:
  version "4.1.1"

longest-streak@^3.0.0:
  version "3.1.0"

loose-envify@^1.1.0, loose-envify@^1.4.0:
  version "1.4.0"
  dependencies:
    js-tokens "^3.0.0 || ^4.0.0"

lru-cache@^6.0.0:
  version "6.0.0"
  dependencies:
    yallist "^4.0.0"

magic-string@^0.30.21:
  version "0.30.21"
  dependencies:
    "@jridgewell/sourcemap-codec" "^1.5.5"

math-intrinsics@^1.1.0:
  version "1.1.0"

mdast-util-from-markdown@^2.0.0:
  version "2.0.2"
  dependencies:
    "@types/mdast" "^4.0.0"
    "@types/unist" "^3.0.0"
    decode-named-character-reference "^1.0.0"
    devlop "^1.0.0"
    mdast-util-to-string "^4.0.0"
    micromark "^4.0.0"
    micromark-util-decode-numeric-character-reference "^2.0.0"
    micromark-util-decode-string "^2.0.0"
    micromark-util-normalize-identifier "^2.0.0"
    micromark-util-symbol "^2.0.0"
    micromark-util-types "^2.0.0"
    unist-util-stringify-position "^4.0.0"

mdast-util-phrasing@^4.0.0:
  version "4.1.0"
  dependencies:
    "@types/mdast" "^4.0.0"
    unist-util-is "^6.0.0"

mdast-util-to-hast@^13.0.0:
  version "13.2.1"
  dependencies:
    "@types/hast" "^3.0.0"
    "@types/mdast" "^4.0.0"
    "@ungap/structured-clone" "^1.0.0"
    devlop "^1.0.0"
    micromark-util-sanitize-uri "^2.0.0"
    trim-lines "^3.0.0"
    unist-util-position "^5.0.0"
    unist-util-visit "^5.0.0"
    vfile "^6.0.0"

mdast-util-to-markdown@^2.0.0:
  version "2.1.2"
  dependencies:
    "@types/mdast" "^4.0.0"
    "@types/unist" "^3.0.0"
    longest-streak "^3.0.0"
    mdast-util-phrasing "^4.0.0"
    mdast-util-to-string "^4.0.0"
    micromark-util-classify-character "^2.0.0"
    micromark-util-decode-string "^2.0.0"
    unist-util-visit "^5.0.0"
    zwitch "^2.0.0"

mdast-util-to-string@^4.0.0:
  version "4.0.0"
  dependencies:
    "@types/mdast" "^4.0.0"

micromark-core-commonmark@^2.0.0:
  version "2.0.3"
  dependencies:
    decode-named-character-reference "^1.0.0"
    devlop "^1.0.0"
    micromark-factory-destination "^2.0.0"
    micromark-factory-label "^2.0.0"
    micromark-factory-space "^2.0.0"
    micromark-factory-title "^2.0.0"
    micromark-factory-whitespace "^2.0.0"
    micromark-util-character "^2.0.0"
    micromark-util-chunked "^2.0.0"
    micromark-util-classify-character "^2.0.0"
    micromark-util-html-tag-name "^2.0.0"
    micromark-util-normalize-identifier "^2.0.0"
    micromark-util-resolve-all "^2.0.0"
    micromark-util-subtokenize "^2.0.0"
    micromark-util-symbol "^2.0.0"
    micromark-util-types "^2.0.0"

micromark-factory-destination@^2.0.0:
  version "2.0.1"
  dependencies:
    micromark-util-character "^2.0.0"
    micromark-util-symbol "^2.0.0"
    micromark-util-types "^2.0.0"

micromark-factory-label@^2.0.0:
  version "2.0.1"
  dependencies:
    devlop "^1.0.0"
    micromark-util-character "^2.0.0"
    micromark-util-symbol "^2.0.0"
    micromark-util-types "^2.0.0"

micromark-factory-space@^2.0.0:
  version "2.0.1"
  dependencies:
    micromark-util-character "^2.0.0"
    micromark-util-types "^2.0.0"

micromark-factory-title@^2.0.0:
  version "2.0.1"
  dependencies:
    micromark-factory-space "^2.0.0"
    micromark-util-character "^2.0.0"
    micromark-util-symbol "^2.0.0"
    micromark-util-types "^2.0.0"

micromark-factory-whitespace@^2.0.0:
  version "2.0.1"
  dependencies:
    micromark-factory-space "^2.0.0"
    micromark-util-character "^2.0.0"
    micromark-util-symbol "^2.0.0"
    micromark-util-types "^2.0.0"

micromark-util-character@^2.0.0:
  version "2.1.1"
  dependencies:
    micromark-util-symbol "^2.0.0"
    micromark-util-types "^2.0.0"

micromark-util-chunked@^2.0.0:
  version "2.0.1"
  dependencies:
    micromark-util-symbol "^2.0.0"

micromark-util-classify-character@^2.0.0:
  version "2.0.1"
  dependencies:
    micromark-util-character "^2.0.0"
    micromark-util-symbol "^2.0.0"
    micromark-util-types "^2.0.0"

micromark-util-combine-extensions@^2.0.0:
  version "2.0.1"
  dependencies:
    micromark-util-chunked "^2.0.0"
    micromark-util-types "^2.0.0"

micromark-util-decode-numeric-character-reference@^2.0.0:
  version "2.0.2"
  dependencies:
    micromark-util-symbol "^2.0.0"

micromark-util-decode-string@^2.0.0:
  version "2.0.1"
  dependencies:
    decode-named-character-reference "^1.0.0"
    micromark-util-character "^2.0.0"
    micromark-util-decode-numeric-character-reference "^2.0.0"
    micromark-util-symbol "^2.0.0"

micromark-util-encode@^2.0.0:
  version "2.0.1"

micromark-util-html-tag-name@^2.0.0:
  version "2.0.1"

micromark-util-normalize-identifier@^2.0.0:
  version "2.0.1"
  dependencies:
    micromark-util-symbol "^2.0.0"

micromark-util-resolve-all@^2.0.0:
  version "2.0.1"
  dependencies:
    micromark-util-types "^2.0.0"

micromark-util-sanitize-uri@^2.0.0:
  version "2.0.1"
  dependencies:
    micromark-util-character "^2.0.0"
    micromark-util-encode "^2.0.0"
    micromark-util-symbol "^2.0.0"

micromark-util-subtokenize@^2.0.0:
  version "2.1.0"
  dependencies:
    devlop "^1.0.0"
    micromark-util-chunked "^2.0.0"
    micromark-util-symbol "^2.0.0"
    micromark-util-types "^2.0.0"

micromark-util-symbol@^2.0.0:
  version "2.0.1"

micromark-util-types@^2.0.0:
  version "2.0.2"

micromark@^4.0.0:
  version "4.0.2"
  dependencies:
    "@types/debug" "^4.0.0"
    debug "^4.0.0"
    decode-named-character-reference "^1.0.0"
    devlop "^1.0.0"
    micromark-core-commonmark "^2.0.0"
    micromark-factory-space "^2.0.0"
    micromark-util-character "^2.0.0"
    micromark-util-chunked "^2.0.0"
    micromark-util-combine-extensions "^2.0.0"
    micromark-util-decode-numeric-character-reference "^2.0.0"
    micromark-util-encode "^2.0.0"
    micromark-util-normalize-identifier "^2.0.0"
    micromark-util-resolve-all "^2.0.0"
    micromark-util-sanitize-uri "^2.0.0"
    micromark-util-subtokenize "^2.0.0"
    micromark-util-symbol "^2.0.0"
    micromark-util-types "^2.0.0"

mime-db@1.52.0:
  version "1.52.0"

mime-types@^2.1.12:
  version "2.1.35"
  dependencies:
    mime-db "1.52.0"

ms@^2.1.3:
  version "2.1.3"

nanoid@^3.3.11, nanoid@^3.3.6:
  version "3.3.11"

next-auth@^4.24.11:
  version "4.24.13"
  dependencies:
    "@babel/runtime" "^7.20.13"
    "@panva/hkdf" "^1.0.2"
    cookie "^0.7.0"
    jose "^4.15.5"
    oauth "^0.9.15"
    openid-client "^5.4.0"
    preact "^10.6.3"
    preact-render-to-string "^5.1.19"
    uuid "^8.3.2"

next-themes@^0.3.0:
  version "0.3.0"

next@^15.1.1:
  version "15.5.9"
  dependencies:
    "@next/env" "15.5.9"
    "@swc/helpers" "0.5.15"
    caniuse-lite "^1.0.30001579"
    postcss "8.4.31"
    styled-jsx "5.1.6"
  optionalDependencies:
    "@next/swc-darwin-arm64" "15.5.7"
    "@next/swc-darwin-x64" "15.5.7"
    "@next/swc-linux-arm64-gnu" "15.5.7"
    "@next/swc-linux-arm64-musl" "15.5.7"
    "@next/swc-linux-x64-gnu" "15.5.7"
    "@next/swc-linux-x64-musl" "15.5.7"
    "@next/swc-win32-arm64-msvc" "15.5.7"
    "@next/swc-win32-x64-msvc" "15.5.7"
    sharp "^0.34.3"

nextjs-toploader@^3.7.15:
  version "3.9.17"
  dependencies:
    nprogress "^0.2.0"
    prop-types "^15.8.1"

nodemailer@^8.0.5:
  version "8.0.5"
  resolved "https://registry.npmjs.org/nodemailer/-/nodemailer-8.0.5.tgz"
  integrity sha512-0PF8Yb1yZuQfQbq+5/pZJrtF6WQcjTd5/S4JOHs9PGFxuTqoB/icwuB44pOdURHJbRKX1PPoJZtY7R4VUoCC8w==

nprogress@^0.2.0:
  version "0.2.0"

oauth@^0.9.15:
  version "0.9.15"

object-assign@^4.1.1:
  version "4.1.1"

object-hash@^2.2.0:
  version "2.2.0"

oidc-token-hash@^5.0.3:
  version "5.2.0"

openid-client@^5.4.0:
  version "5.7.1"
  dependencies:
    jose "^4.15.9"
    lru-cache "^6.0.0"
    object-hash "^2.2.0"
    oidc-token-hash "^5.0.3"

picocolors@^1.0.0, picocolors@^1.1.1:
  version "1.1.1"

postcss@^8, postcss@^8.4.41:
  version "8.5.6"
  dependencies:
    nanoid "^3.3.11"
    picocolors "^1.1.1"
    source-map-js "^1.2.1"

postcss@8.4.31:
  version "8.4.31"
  dependencies:
    nanoid "^3.3.6"
    picocolors "^1.0.0"
    source-map-js "^1.0.2"

preact-render-to-string@^5.1.19:
  version "5.2.6"
  dependencies:
    pretty-format "^3.8.0"

preact@^10.6.3:
  version "10.28.0"

pretty-format@^3.8.0:
  version "3.8.0"

prop-types@^15.8.1:
  version "15.8.1"
  dependencies:
    loose-envify "^1.4.0"
    object-assign "^4.1.1"
    react-is "^16.13.1"

property-information@^7.0.0:
  version "7.1.0"

proxy-from-env@^1.1.0:
  version "1.1.0"

react-dom@18:
  version "18.3.1"
  dependencies:
    loose-envify "^1.1.0"
    scheduler "^0.23.2"

react-hot-toast@^2.4.1:
  version "2.6.0"
  dependencies:
    csstype "^3.1.3"
    goober "^2.1.16"

react-is@^16.13.1:
  version "16.13.1"

react-slick@^0.31.0:
  version "0.31.0"
  dependencies:
    classnames "^2.2.5"
    json2mq "^0.2.0"
    lodash.debounce "^4.0.8"
    resize-observer-polyfill "^1.5.0"

react@18:
  version "18.3.1"
  dependencies:
    loose-envify "^1.1.0"

remark-html@^16.0.1:
  version "16.0.1"
  dependencies:
    "@types/mdast" "^4.0.0"
    hast-util-sanitize "^5.0.0"
    hast-util-to-html "^9.0.0"
    mdast-util-to-hast "^13.0.0"
    unified "^11.0.0"

remark-parse@^11.0.0:
  version "11.0.0"
  dependencies:
    "@types/mdast" "^4.0.0"
    mdast-util-from-markdown "^2.0.0"
    micromark-util-types "^2.0.0"
    unified "^11.0.0"

remark-stringify@^11.0.0:
  version "11.0.0"
  dependencies:
    "@types/mdast" "^4.0.0"
    mdast-util-to-markdown "^2.0.0"
    unified "^11.0.0"

remark@^15.0.1:
  version "15.0.1"
  dependencies:
    "@types/mdast" "^4.0.0"
    remark-parse "^11.0.0"
    remark-stringify "^11.0.0"
    unified "^11.0.0"

resize-observer-polyfill@^1.5.0:
  version "1.5.1"

scheduler@^0.23.2:
  version "0.23.2"
  dependencies:
    loose-envify "^1.1.0"

section-matter@^1.0.0:
  version "1.0.0"
  dependencies:
    extend-shallow "^2.0.1"
    kind-of "^6.0.0"

semver@^7.7.3:
  version "7.7.3"

sharp@^0.34.3:
  version "0.34.5"
  dependencies:
    "@img/colour" "^1.0.0"
    detect-libc "^2.1.2"
    semver "^7.7.3"
  optionalDependencies:
    "@img/sharp-darwin-arm64" "0.34.5"
    "@img/sharp-darwin-x64" "0.34.5"
    "@img/sharp-libvips-darwin-arm64" "1.2.4"
    "@img/sharp-libvips-darwin-x64" "1.2.4"
    "@img/sharp-libvips-linux-arm" "1.2.4"
    "@img/sharp-libvips-linux-arm64" "1.2.4"
    "@img/sharp-libvips-linux-ppc64" "1.2.4"
    "@img/sharp-libvips-linux-riscv64" "1.2.4"
    "@img/sharp-libvips-linux-s390x" "1.2.4"
    "@img/sharp-libvips-linux-x64" "1.2.4"
    "@img/sharp-libvips-linuxmusl-arm64" "1.2.4"
    "@img/sharp-libvips-linuxmusl-x64" "1.2.4"
    "@img/sharp-linux-arm" "0.34.5"
    "@img/sharp-linux-arm64" "0.34.5"
    "@img/sharp-linux-ppc64" "0.34.5"
    "@img/sharp-linux-riscv64" "0.34.5"
    "@img/sharp-linux-s390x" "0.34.5"
    "@img/sharp-linux-x64" "0.34.5"
    "@img/sharp-linuxmusl-arm64" "0.34.5"
    "@img/sharp-linuxmusl-x64" "0.34.5"
    "@img/sharp-wasm32" "0.34.5"
    "@img/sharp-win32-arm64" "0.34.5"
    "@img/sharp-win32-ia32" "0.34.5"
    "@img/sharp-win32-x64" "0.34.5"

slick-carousel@^1.8.1:
  version "1.8.1"

source-map-js@^1.0.2, source-map-js@^1.2.1:
  version "1.2.1"

space-separated-tokens@^2.0.0:
  version "2.0.2"

sprintf-js@~1.0.2:
  version "1.0.3"

string-convert@^0.2.0:
  version "0.2.1"

stringify-entities@^4.0.0:
  version "4.0.4"
  dependencies:
    character-entities-html4 "^2.0.0"
    character-entities-legacy "^3.0.0"

strip-bom-string@^1.0.0:
  version "1.0.0"

styled-jsx@5.1.6:
  version "5.1.6"
  dependencies:
    client-only "0.0.1"

tailwindcss@^4.0.0, tailwindcss@4.1.18:
  version "4.1.18"

tapable@^2.2.0:
  version "2.3.0"

trim-lines@^3.0.0:
  version "3.0.1"

trough@^2.0.0:
  version "2.2.0"

tslib@^2.4.0, tslib@^2.8.0:
  version "2.8.1"

typescript@^5:
  version "5.9.3"

undici-types@~6.21.0:
  version "6.21.0"

unified@^11.0.0:
  version "11.0.5"
  dependencies:
    "@types/unist" "^3.0.0"
    bail "^2.0.0"
    devlop "^1.0.0"
    extend "^3.0.0"
    is-plain-obj "^4.0.0"
    trough "^2.0.0"
    vfile "^6.0.0"

unist-util-is@^6.0.0:
  version "6.0.1"
  dependencies:
    "@types/unist" "^3.0.0"

unist-util-position@^5.0.0:
  version "5.0.0"
  dependencies:
    "@types/unist" "^3.0.0"

unist-util-stringify-position@^4.0.0:
  version "4.0.0"
  dependencies:
    "@types/unist" "^3.0.0"

unist-util-visit-parents@^6.0.0:
  version "6.0.2"
  dependencies:
    "@types/unist" "^3.0.0"
    unist-util-is "^6.0.0"

unist-util-visit@^5.0.0:
  version "5.0.0"
  dependencies:
    "@types/unist" "^3.0.0"
    unist-util-is "^6.0.0"
    unist-util-visit-parents "^6.0.0"

uuid@^8.3.2:
  version "8.3.2"

vfile-message@^4.0.0:
  version "4.0.3"
  dependencies:
    "@types/unist" "^3.0.0"
    unist-util-stringify-position "^4.0.0"

vfile@^6.0.0:
  version "6.0.3"
  dependencies:
    "@types/unist" "^3.0.0"
    vfile-message "^4.0.0"

yallist@^4.0.0:
  version "4.0.0"

zwitch@^2.0.0, zwitch@^2.0.4:
  version "2.0.4"
